<?xml version="1.0" encoding="utf-8"?>
<Project ToolsVersion="4.0" xmlns="http://schemas.microsoft.com/developer/msbuild/2003">
  <ItemGroup>
    <Filter Include="Sources">
      <UniqueIdentifier>{4FC737F1-C7A5-4376-A066-2A32D752A2FF}</UniqueIdentifier>
      <Extensions>cpp;c;cc;cxx;def;odl;idl;hpj;bat;asm;asmx</Extensions>
    </Filter>
    <Filter Include="Shaders">
      <UniqueIdentifier>{4e71d5b7-c67b-4ada-8954-847381dd4d4d}</UniqueIdentifier>
    </Filter>
    <Filter Include="Sources\Renderer">
      <UniqueIdentifier>{2fe02855-dfea-4957-bfad-742ed4b20f3e}</UniqueIdentifier>
    </Filter>
    <Filter Include="Sources\DX11RHI">
      <UniqueIdentifier>{fce1924b-44fe-407b-8619-abcb41df8f0d}</UniqueIdentifier>
    </Filter>
    <Filter Include="Sources\Mesh">
      <UniqueIdentifier>{8738a22c-985d-4931-977e-c4ee5f253c1b}</UniqueIdentifier>
    </Filter>
  </ItemGroup>
  <ItemGroup>
    <ClInclude Include="Sources/D3D11HelloTriangle.h">
      <Filter>Sources</Filter>
    </ClInclude>
    <ClInclude Include="Sources/DXSample.h">
      <Filter>Sources</Filter>
    </ClInclude>
    <ClInclude Include="Sources/DXSampleHelper.h">
      <Filter>Sources</Filter>
    </ClInclude>
    <ClInclude Include="Sources/stdafx.h">
      <Filter>Sources</Filter>
    </ClInclude>
    <ClInclude Include="Sources/targetver.h">
      <Filter>Sources</Filter>
    </ClInclude>
    <ClInclude Include="Sources/Win32Application.h">
      <Filter>Sources</Filter>
    </ClInclude>
    <ClInclude Include="Sources\Camera.h">
      <Filter>Sources</Filter>
    </ClInclude>
    <ClInclude Include="Sources\Actor.h">
      <Filter>Sources</Filter>
    </ClInclude>
    <ClInclude Include="Sources\DX11RHI\DX11RHI.h">
      <Filter>Sources\DX11RHI</Filter>
    </ClInclude>
    <ClInclude Include="Sources\DX11RHI\DX11ResourceCreationHelpers.h">
      <Filter>Sources\DX11RHI</Filter>
    </ClInclude>
    <ClInclude Include="Sources\utDefines.h">
      <Filter>Sources</Filter>
    </ClInclude>
    <ClInclude Include="Sources\Mesh\Mesh.h">
      <Filter>Sources\Mesh</Filter>
    </ClInclude>
    <ClInclude Include="Sources\Mesh\Primitive.h">
      <Filter>Sources\Mesh</Filter>
    </ClInclude>
    <ClInclude Include="Sources\Mesh\tiny_obj_loader.h">
      <Filter>Sources\Mesh</Filter>
    </ClInclude>
    <ClInclude Include="Sources\utFuncs.h">
      <Filter>Sources</Filter>
    </ClInclude>
  </ItemGroup>
  <ItemGroup>
    <ClCompile Include="Sources/D3D11HelloTriangle.cpp">
      <Filter>Sources</Filter>
    </ClCompile>
    <ClCompile Include="Sources/DXSample.cpp">
      <Filter>Sources</Filter>
    </ClCompile>
    <ClCompile Include="Sources/main.cpp">
      <Filter>Sources</Filter>
    </ClCompile>
    <ClCompile Include="Sources/stdafx.cpp">
      <Filter>Sources</Filter>
    </ClCompile>
    <ClCompile Include="Sources/Win32Application.cpp">
      <Filter>Sources</Filter>
    </ClCompile>
    <ClCompile Include="Sources\Camera.cpp">
      <Filter>Sources</Filter>
    </ClCompile>
    <ClCompile Include="Sources\Actor.cpp">
      <Filter>Sources</Filter>
    </ClCompile>
    <ClCompile Include="Sources\DX11RHI\DX11RHI.cpp">
      <Filter>Sources\DX11RHI</Filter>
    </ClCompile>
    <ClCompile Include="Sources\Mesh\Mesh.cpp">
      <Filter>Sources\Mesh</Filter>
    </ClCompile>
    <ClCompile Include="Sources\Mesh\Primitive.cpp">
      <Filter>Sources\Mesh</Filter>
    </ClCompile>
  </ItemGroup>
  <ItemGroup>
    <FxCompile Include="Shaders\hello_triangle.hlsl">
      <Filter>Shaders</Filter>
    </FxCompile>
    <FxCompile Include="Shaders\hello_mesh.hlsl">
      <Filter>Shaders</Filter>
    </FxCompile>
  </ItemGroup>
</Project>