<?xml version="1.0" encoding="utf-8"?>
<Project ToolsVersion="4.0" xmlns="http://schemas.microsoft.com/developer/msbuild/2003">
  <ItemGroup>
    <Filter Include="Sources">
      <UniqueIdentifier>{4FC737F1-C7A5-4376-A066-2A32D752A2FF}</UniqueIdentifier>
      <Extensions>cpp;c;cc;cxx;def;odl;idl;hpj;bat;asm;asmx</Extensions>
    </Filter>
    <Filter Include="Shaders">
      <UniqueIdentifier>{4e71d5b7-c67b-4ada-8954-847381dd4d4d}</UniqueIdentifier>
    </Filter>
  </ItemGroup>
  <ItemGroup>
    <ClInclude Include="Sources/D3D11HelloTriangle.h">
      <Filter>Sources</Filter>
    </ClInclude>
    <ClInclude Include="Sources/DXSample.h">
      <Filter>Sources</Filter>
    </ClInclude>
    <ClInclude Include="Sources/DXSampleHelper.h">
      <Filter>Sources</Filter>
    </ClInclude>
    <ClInclude Include="Sources/stdafx.h">
      <Filter>Sources</Filter>
    </ClInclude>
    <ClInclude Include="Sources/targetver.h">
      <Filter>Sources</Filter>
    </ClInclude>
    <ClInclude Include="Sources/Win32Application.h">
      <Filter>Sources</Filter>
    </ClInclude>
    <ClInclude Include="Sources\Camera.h">
      <Filter>Sources</Filter>
    </ClInclude>
    <ClInclude Include="Sources\Actor.h">
      <Filter>Sources</Filter>
    </ClInclude>
    <ClInclude Include="Sources\Mesh.h">
      <Filter>Sources</Filter>
    </ClInclude>
  </ItemGroup>
  <ItemGroup>
    <ClCompile Include="Sources/D3D11HelloTriangle.cpp">
      <Filter>Sources</Filter>
    </ClCompile>
    <ClCompile Include="Sources/DXSample.cpp">
      <Filter>Sources</Filter>
    </ClCompile>
    <ClCompile Include="Sources/main.cpp">
      <Filter>Sources</Filter>
    </ClCompile>
    <ClCompile Include="Sources/stdafx.cpp">
      <Filter>Sources</Filter>
    </ClCompile>
    <ClCompile Include="Sources/Win32Application.cpp">
      <Filter>Sources</Filter>
    </ClCompile>
    <ClCompile Include="Sources\Camera.cpp">
      <Filter>Sources</Filter>
    </ClCompile>
    <ClCompile Include="Sources\Actor.cpp">
      <Filter>Sources</Filter>
    </ClCompile>
    <ClCompile Include="Sources\Mesh.cpp">
      <Filter>Sources</Filter>
    </ClCompile>
  </ItemGroup>
  <ItemGroup>
    <FxCompile Include="Shaders\hello_triangle.hlsl">
      <Filter>Shaders</Filter>
    </FxCompile>
  </ItemGroup>
</Project>