<?xml version="1.0" encoding="utf-8"?>
<Project ToolsVersion="4.0" xmlns="http://schemas.microsoft.com/developer/msbuild/2003">
  <ItemGroup>
    <Filter Include="Sources">
      <UniqueIdentifier>{4FC737F1-C7A5-4376-A066-2A32D752A2FF}</UniqueIdentifier>
      <Extensions>cpp;c;cc;cxx;def;odl;idl;hpj;bat;asm;asmx</Extensions>
    </Filter>
    <Filter Include="Shaders">
      <UniqueIdentifier>{4e71d5b7-c67b-4ada-8954-847381dd4d4d}</UniqueIdentifier>
    </Filter>
    <Filter Include="Sources\Renderer">
      <UniqueIdentifier>{2fe02855-dfea-4957-bfad-742ed4b20f3e}</UniqueIdentifier>
    </Filter>
    <Filter Include="Sources\DX11RHI">
      <UniqueIdentifier>{fce1924b-44fe-407b-8619-abcb41df8f0d}</UniqueIdentifier>
    </Filter>
    <Filter Include="Sources\Mesh">
      <UniqueIdentifier>{8738a22c-985d-4931-977e-c4ee5f253c1b}</UniqueIdentifier>
    </Filter>
    <Filter Include="Sources\Utils">
      <UniqueIdentifier>{a6f59b4c-e6d4-45a5-8a3a-be81d4ab2b80}</UniqueIdentifier>
    </Filter>
    <Filter Include="Sources\Win32">
      <UniqueIdentifier>{0c30ad16-2327-4038-94a4-0890dc143409}</UniqueIdentifier>
    </Filter>
    <Filter Include="Sources\Objects">
      <UniqueIdentifier>{2386c22e-9741-4d21-8dd6-2892e262d402}</UniqueIdentifier>
    </Filter>
    <Filter Include="Sources\DX11RHI\Shader">
      <UniqueIdentifier>{d5eeacb3-ed66-4d6c-b06e-e872c63864a0}</UniqueIdentifier>
    </Filter>
    <Filter Include="Sources\Objects\Lights">
      <UniqueIdentifier>{f299d1a2-4cc9-48a1-a918-bc618acc25db}</UniqueIdentifier>
    </Filter>
  </ItemGroup>
  <ItemGroup>
    <ClInclude Include="Sources/stdafx.h">
      <Filter>Sources</Filter>
    </ClInclude>
    <ClInclude Include="Sources/targetver.h">
      <Filter>Sources</Filter>
    </ClInclude>
    <ClInclude Include="Sources\DX11RHI\DX11RHI.h">
      <Filter>Sources\DX11RHI</Filter>
    </ClInclude>
    <ClInclude Include="Sources\DX11RHI\DX11ResourceCreationHelpers.h">
      <Filter>Sources\DX11RHI</Filter>
    </ClInclude>
    <ClInclude Include="Sources\Mesh\Mesh.h">
      <Filter>Sources\Mesh</Filter>
    </ClInclude>
    <ClInclude Include="Sources\Mesh\Primitive.h">
      <Filter>Sources\Mesh</Filter>
    </ClInclude>
    <ClInclude Include="Sources\Mesh\tiny_obj_loader.h">
      <Filter>Sources\Mesh</Filter>
    </ClInclude>
    <ClInclude Include="Sources\Utils\utDefines.h">
      <Filter>Sources\Utils</Filter>
    </ClInclude>
    <ClInclude Include="Sources\Utils\utFuncs.h">
      <Filter>Sources\Utils</Filter>
    </ClInclude>
    <ClInclude Include="Sources\Win32\DXSample.h">
      <Filter>Sources\Win32</Filter>
    </ClInclude>
    <ClInclude Include="Sources\Win32\DXSampleHelper.h">
      <Filter>Sources\Win32</Filter>
    </ClInclude>
    <ClInclude Include="Sources\Win32\Win32Application.h">
      <Filter>Sources\Win32</Filter>
    </ClInclude>
    <ClInclude Include="Sources\Win32\D3D11HelloTriangle.h">
      <Filter>Sources\Win32</Filter>
    </ClInclude>
    <ClInclude Include="Sources\Objects\Camera.h">
      <Filter>Sources\Objects</Filter>
    </ClInclude>
    <ClInclude Include="Sources\Objects\Actor.h">
      <Filter>Sources\Objects</Filter>
    </ClInclude>
    <ClInclude Include="Sources\Renderer\ForwardRenderer.h">
      <Filter>Sources\Renderer</Filter>
    </ClInclude>
    <ClInclude Include="Sources\Objects\Scene.h">
      <Filter>Sources\Objects</Filter>
    </ClInclude>
    <ClInclude Include="Sources\Objects\Model.h">
      <Filter>Sources\Objects</Filter>
    </ClInclude>
    <ClInclude Include="Sources\DX11RHI\DX11RenderTarget.h">
      <Filter>Sources\DX11RHI</Filter>
    </ClInclude>
    <ClInclude Include="Sources\DX11RHI\DX11DepthStencilRenderTarget.h">
      <Filter>Sources\DX11RHI</Filter>
    </ClInclude>
    <ClInclude Include="Sources\Renderer\Viewport.h">
      <Filter>Sources\Renderer</Filter>
    </ClInclude>
    <ClInclude Include="Shaders\HLSLCommon.h">
      <Filter>Shaders</Filter>
    </ClInclude>
    <ClInclude Include="Shaders\PerVertexColor_common.h">
      <Filter>Shaders</Filter>
    </ClInclude>
    <ClInclude Include="Sources\DX11RHI\DX11GraphicContext.h">
      <Filter>Sources\DX11RHI</Filter>
    </ClInclude>
    <ClInclude Include="Sources\Utils\Noncopyable.h">
      <Filter>Sources\Utils</Filter>
    </ClInclude>
    <ClInclude Include="Sources\Utils\Nonmovable.h">
      <Filter>Sources\Utils</Filter>
    </ClInclude>
    <ClInclude Include="Sources\Utils\Heaponly.h">
      <Filter>Sources\Utils</Filter>
    </ClInclude>
    <ClInclude Include="Sources\DX11RHI\DX11RenderStateCache.h">
      <Filter>Sources\DX11RHI</Filter>
    </ClInclude>
    <ClInclude Include="Sources\Renderer\RenderDoc.h">
      <Filter>Sources\Renderer</Filter>
    </ClInclude>
    <ClInclude Include="Sources\Renderer\Filter2D.h">
      <Filter>Sources\Renderer</Filter>
    </ClInclude>
    <ClInclude Include="Sources\DX11RHI\DX11VertexShader.h">
      <Filter>Sources\DX11RHI\Shader</Filter>
    </ClInclude>
    <ClInclude Include="Sources\DX11RHI\DX11Shader.h">
      <Filter>Sources\DX11RHI\Shader</Filter>
    </ClInclude>
    <ClInclude Include="Sources\DX11RHI\DX11PixelShader.h">
      <Filter>Sources\DX11RHI\Shader</Filter>
    </ClInclude>
    <ClInclude Include="Shaders\FilterIdentity_common.h">
      <Filter>Shaders</Filter>
    </ClInclude>
    <ClInclude Include="Sources\Objects\ILight.h">
      <Filter>Sources\Objects\Lights</Filter>
    </ClInclude>
    <ClInclude Include="Sources\Objects\AreaLight.h">
      <Filter>Sources\Objects\Lights</Filter>
    </ClInclude>
    <ClInclude Include="Sources\Objects\PointLight.h">
      <Filter>Sources\Objects\Lights</Filter>
    </ClInclude>
    <ClInclude Include="Shaders\BaseMaterial_common.h">
      <Filter>Shaders</Filter>
    </ClInclude>
    <ClInclude Include="Sources\Mesh\Material.h">
      <Filter>Sources\Mesh</Filter>
    </ClInclude>
    <ClInclude Include="Shaders\EmissiveMaterial_common.h">
      <Filter>Shaders</Filter>
    </ClInclude>
    <ClInclude Include="Sources\DX11RHI\DX11RenderStateSet.h">
      <Filter>Sources\DX11RHI</Filter>
    </ClInclude>
    <ClInclude Include="Sources\DX11RHI\DX11Device.h">
      <Filter>Sources\DX11RHI</Filter>
    </ClInclude>
  </ItemGroup>
  <ItemGroup>
    <ClCompile Include="Sources/main.cpp">
      <Filter>Sources</Filter>
    </ClCompile>
    <ClCompile Include="Sources/stdafx.cpp">
      <Filter>Sources</Filter>
    </ClCompile>
    <ClCompile Include="Sources\DX11RHI\DX11RHI.cpp">
      <Filter>Sources\DX11RHI</Filter>
    </ClCompile>
    <ClCompile Include="Sources\Mesh\Mesh.cpp">
      <Filter>Sources\Mesh</Filter>
    </ClCompile>
    <ClCompile Include="Sources\Mesh\Primitive.cpp">
      <Filter>Sources\Mesh</Filter>
    </ClCompile>
    <ClCompile Include="Sources\Utils\utFuncs.cpp">
      <Filter>Sources\Utils</Filter>
    </ClCompile>
    <ClCompile Include="Sources\Win32\DXSample.cpp">
      <Filter>Sources\Win32</Filter>
    </ClCompile>
    <ClCompile Include="Sources\Win32\Win32Application.cpp">
      <Filter>Sources\Win32</Filter>
    </ClCompile>
    <ClCompile Include="Sources\Win32\D3D11HelloTriangle.cpp">
      <Filter>Sources\Win32</Filter>
    </ClCompile>
    <ClCompile Include="Sources\Objects\Actor.cpp">
      <Filter>Sources\Objects</Filter>
    </ClCompile>
    <ClCompile Include="Sources\Objects\Camera.cpp">
      <Filter>Sources\Objects</Filter>
    </ClCompile>
    <ClCompile Include="Sources\Renderer\ForwardRenderer.cpp">
      <Filter>Sources\Renderer</Filter>
    </ClCompile>
    <ClCompile Include="Sources\Objects\Scene.cpp">
      <Filter>Sources\Objects</Filter>
    </ClCompile>
    <ClCompile Include="Sources\Objects\Model.cpp">
      <Filter>Sources\Objects</Filter>
    </ClCompile>
    <ClCompile Include="Sources\DX11RHI\DX11RenderTarget.cpp">
      <Filter>Sources\DX11RHI</Filter>
    </ClCompile>
    <ClCompile Include="Sources\DX11RHI\DX11DepthStencilRenderTarget.cpp">
      <Filter>Sources\DX11RHI</Filter>
    </ClCompile>
    <ClCompile Include="Sources\Renderer\Viewport.cpp">
      <Filter>Sources\Renderer</Filter>
    </ClCompile>
    <ClCompile Include="Sources\Mesh\Mesh_GeometricPrimitive.cpp">
      <Filter>Sources\Mesh</Filter>
    </ClCompile>
    <ClCompile Include="Sources\DX11RHI\DX11GraphicContext.cpp">
      <Filter>Sources\DX11RHI</Filter>
    </ClCompile>
    <ClCompile Include="Sources\DX11RHI\DX11RenderStateCache.cpp">
      <Filter>Sources\DX11RHI</Filter>
    </ClCompile>
    <ClCompile Include="Sources\Renderer\RenderDoc.cpp">
      <Filter>Sources\Renderer</Filter>
    </ClCompile>
    <ClCompile Include="Sources\Renderer\Filter2D.cpp">
      <Filter>Sources\Renderer</Filter>
    </ClCompile>
    <ClCompile Include="Sources\DX11RHI\DX11VertexShader.cpp">
      <Filter>Sources\DX11RHI\Shader</Filter>
    </ClCompile>
    <ClCompile Include="Sources\DX11RHI\DX11Shader.cpp">
      <Filter>Sources\DX11RHI\Shader</Filter>
    </ClCompile>
    <ClCompile Include="Sources\DX11RHI\DX11PixelShader.cpp">
      <Filter>Sources\DX11RHI\Shader</Filter>
    </ClCompile>
    <ClCompile Include="Sources\Objects\ILight.cpp">
      <Filter>Sources\Objects\Lights</Filter>
    </ClCompile>
    <ClCompile Include="Sources\Objects\AreaLight.cpp">
      <Filter>Sources\Objects\Lights</Filter>
    </ClCompile>
    <ClCompile Include="Sources\Objects\PointLight.cpp">
      <Filter>Sources\Objects\Lights</Filter>
    </ClCompile>
    <ClCompile Include="Sources\Mesh\Material.cpp">
      <Filter>Sources\Mesh</Filter>
    </ClCompile>
    <ClCompile Include="Sources\DX11RHI\DX11RenderStateSet.cpp">
      <Filter>Sources\DX11RHI</Filter>
    </ClCompile>
    <ClCompile Include="Sources\DX11RHI\DX11Device.cpp">
      <Filter>Sources\DX11RHI</Filter>
    </ClCompile>
  </ItemGroup>
  <ItemGroup>
    <FxCompile Include="Shaders\PerVertexColor_vs.hlsl">
      <Filter>Shaders</Filter>
    </FxCompile>
    <FxCompile Include="Shaders\PerVertexColor_ps.hlsl">
      <Filter>Shaders</Filter>
    </FxCompile>
    <FxCompile Include="Shaders\FilterIdentity_ps.hlsl">
      <Filter>Shaders</Filter>
    </FxCompile>
    <FxCompile Include="Shaders\FilterIdentity_vs.hlsl">
      <Filter>Shaders</Filter>
    </FxCompile>
    <FxCompile Include="Shaders\BaseMaterial_ps.hlsl">
      <Filter>Shaders</Filter>
    </FxCompile>
    <FxCompile Include="Shaders\BaseMaterial_vs.hlsl">
      <Filter>Shaders</Filter>
    </FxCompile>
    <FxCompile Include="Shaders\EmissiveMaterial_ps.hlsl">
      <Filter>Shaders</Filter>
    </FxCompile>
    <FxCompile Include="Shaders\EmissiveMaterial_vs.hlsl">
      <Filter>Shaders</Filter>
    </FxCompile>
  </ItemGroup>
  <ItemGroup>
    <None Include="Shaders\PointLight.hlsli">
      <Filter>Shaders</Filter>
    </None>
    <None Include="Shaders\BRDF.hlsli">
      <Filter>Shaders</Filter>
    </None>
  </ItemGroup>
</Project>